
Microsoft Visual Studio Solution File, Format Version 12.00
# Visual Studio Version 17
VisualStudioVersion = 17.14.37516.0 d17.14
MinimumVisualStudioVersion = 10.0.40219.1
Project("{FAE04EC0-301F-11D3-BF4B-00C04F79EFBC}") = "TechJs.MVC.Sample", "TechJs.MVC.Sample\TechJs.MVC.Sample.csproj", "{FAB0573E-769C-421F-AF45-E976CC957131}"
EndProject
Global
	GlobalSection(SolutionConfigurationPlatforms) = preSolution
		Debug|Any CPU = Debug|Any CPU
		Release|Any CPU = Release|Any CPU
	EndGlobalSection
	GlobalSection(ProjectConfigurationPlatforms) = postSolution
		{FAB0573E-769C-421F-AF45-E976CC957131}.Debug|Any CPU.ActiveCfg = Debug|Any CPU
		{FAB0573E-769C-421F-AF45-E976CC957131}.Debug|Any CPU.Build.0 = Debug|Any CPU
		{FAB0573E-769C-421F-AF45-E976CC957131}.Release|Any CPU.ActiveCfg = Release|Any CPU
		{FAB0573E-769C-421F-AF45-E976CC957131}.Release|Any CPU.Build.0 = Release|Any CPU
	EndGlobalSection
	GlobalSection(SolutionProperties) = preSolution
		HideSolutionNode = FALSE
	EndGlobalSection
	GlobalSection(ExtensibilityGlobals) = postSolution
		SolutionGuid = {A371FC30-EF65-476E-A66D-7E1AB08823A5}
	EndGlobalSection
EndGlobal
